
Microsoft Visual Studio Solution File, Format Version 12.00
# Visual Studio Version 16
VisualStudioVersion = 16.0.34301.259
MinimumVisualStudioVersion = 10.0.40219.1
Project("{FAE04EC0-301F-11D3-BF4B-00C04F79EFBC}") = "WebApplicationProject", "WebApplicationProject\WebApplicationProject.csproj", "{47BE6A29-51D9-4C5A-9D11-6D970279754B}"
EndProject
Global
	GlobalSection(SolutionConfigurationPlatforms) = preSolution
		Debug|Any CPU = Debug|Any CPU
		Release|Any CPU = Release|Any CPU
	EndGlobalSection
	GlobalSection(ProjectConfigurationPlatforms) = postSolution
		{47BE6A29-51D9-4C5A-9D11-6D970279754B}.Debug|Any CPU.ActiveCfg = Debug|Any CPU
		{47BE6A29-51D9-4C5A-9D11-6D970279754B}.Debug|Any CPU.Build.0 = Debug|Any CPU
		{47BE6A29-51D9-4C5A-9D11-6D970279754B}.Release|Any CPU.ActiveCfg = Release|Any CPU
		{47BE6A29-51D9-4C5A-9D11-6D970279754B}.Release|Any CPU.Build.0 = Release|Any CPU
	EndGlobalSection
	GlobalSection(SolutionProperties) = preSolution
		HideSolutionNode = FALSE
	EndGlobalSection
	GlobalSection(ExtensibilityGlobals) = postSolution
		SolutionGuid = {1277D7DC-5DA3-491D-993B-E3AD8D57B04C}
	EndGlobalSection
EndGlobal
